
Microsoft Visual Studio Solution File, Format Version 12.00
# Visual Studio Version 17
VisualStudioVersion = 17.5.33530.505
MinimumVisualStudioVersion = 10.0.40219.1
Project("{FAE04EC0-301F-11D3-BF4B-00C04F79EFBC}") = "FactoryMethodDP", "FactoryMethodDP.csproj", "{4CACCC04-4979-4F69-BE27-998C25ECFB99}"
EndProject
Global
	GlobalSection(SolutionConfigurationPlatforms) = preSolution
		Debug|Any CPU = Debug|Any CPU
		Release|Any CPU = Release|Any CPU
	EndGlobalSection
	GlobalSection(ProjectConfigurationPlatforms) = postSolution
		{4CACCC04-4979-4F69-BE27-998C25ECFB99}.Debug|Any CPU.ActiveCfg = Debug|Any CPU
		{4CACCC04-4979-4F69-BE27-998C25ECFB99}.Debug|Any CPU.Build.0 = Debug|Any CPU
		{4CACCC04-4979-4F69-BE27-998C25ECFB99}.Release|Any CPU.ActiveCfg = Release|Any CPU
		{4CACCC04-4979-4F69-BE27-998C25ECFB99}.Release|Any CPU.Build.0 = Release|Any CPU
	EndGlobalSection
	GlobalSection(SolutionProperties) = preSolution
		HideSolutionNode = FALSE
	EndGlobalSection
	GlobalSection(ExtensibilityGlobals) = postSolution
		SolutionGuid = {E59E6C3B-7549-45B4-9F3F-8786295CA014}
	EndGlobalSection
EndGlobal
